{
  "name": "my-site",
  "version": "0.1.0",
  "lockfileVersion": 3,
  "requires": true,
  "packages": {
    "": {
      "name": "my-site",
      "version": "0.1.0",
      "dependencies": {
        "wb-starter": "^1.0.0"
      }
    },
    "node_modules/wb-starter": {
      "version": "1.0.0",
      "resolved": "https://registry.npmjs.org/wb-starter/-/wb-starter-1.0.0.tgz",
      "integrity": "sha512-MaKpfFYfKYi+54BzQLhuX02JyAtTcCVCo2Fa2/b8hIWePc7ullf7RCWeg4RuQbtTR0RcluT/032T31hPiSp1ng==",
      "license": "MIT",
      "bin": {
        "wb-starter": "scripts/wb-starter.mjs"
      }
    }
  }
}
